
Microsoft Visual Studio Solution File, Format Version 12.00
# Visual Studio Version 17
VisualStudioVersion = 17.8.34330.188
MinimumVisualStudioVersion = 10.0.40219.1
Project("{FAE04EC0-301F-11D3-BF4B-00C04F79EFBC}") = "finalproj", "finalproj\finalproj.csproj", "{F5F557FB-87A4-4779-A2AE-0F8DD0CB0F23}"
EndProject
Global
	GlobalSection(SolutionConfigurationPlatforms) = preSolution
		Debug|Any CPU = Debug|Any CPU
		Release|Any CPU = Release|Any CPU
	EndGlobalSection
	GlobalSection(ProjectConfigurationPlatforms) = postSolution
		{F5F557FB-87A4-4779-A2AE-0F8DD0CB0F23}.Debug|Any CPU.ActiveCfg = Debug|Any CPU
		{F5F557FB-87A4-4779-A2AE-0F8DD0CB0F23}.Debug|Any CPU.Build.0 = Debug|Any CPU
		{F5F557FB-87A4-4779-A2AE-0F8DD0CB0F23}.Release|Any CPU.ActiveCfg = Release|Any CPU
		{F5F557FB-87A4-4779-A2AE-0F8DD0CB0F23}.Release|Any CPU.Build.0 = Release|Any CPU
	EndGlobalSection
	GlobalSection(SolutionProperties) = preSolution
		HideSolutionNode = FALSE
	EndGlobalSection
	GlobalSection(ExtensibilityGlobals) = postSolution
		SolutionGuid = {B72D5139-C6C4-4369-B12B-3C93C95335D2}
	EndGlobalSection
EndGlobal
